{
  "name": "servicenow-utils",
  "version": "0.0.2",
  "lockfileVersion": 3,
  "requires": true,
  "packages": {
    "": {
      "name": "servicenow-utils",
      "version": "0.0.2",
      "license": "SEE LICENSE IN LICENSE",
      "bin": {
        "servicenow-utils": "bin/cli.js"
      },
      "engines": {
        "node": ">=22.0.0"
      },
      "funding": {
        "type": "GitHub",
        "url": "https://github.com/sponsors/ImJaineel"
      }
    }
  }
}
